{
    "version": 3,
    "terraform_version": "0.11.13",
    "serial": 9,
    "lineage": "fd1e39e1-a90c-b4ed-eb28-7bea6e9584ef",
    "modules": [
        {
            "path": [
                "root"
            ],
            "outputs": {
                "lambda_security_group": {
                    "sensitive": false,
                    "type": "string",
                    "value": "sg-06f775711566beede"
                },
                "private_subnet_id": {
                    "sensitive": false,
                    "type": "list",
                    "value": [
                        "subnet-0d07943a3ca5f3715",
                        "subnet-0b1f1624629555711",
                        "subnet-025c7da77736e2705"
                    ]
                },
                "public_subnet_ids": {
                    "sensitive": false,
                    "type": "list",
                    "value": [
                        "subnet-0bdd3a59758215a48",
                        "subnet-01c14d471078e9f52",
                        "subnet-074fe9357ae5bc6f6"
                    ]
                },
                "vpc_id": {
                    "sensitive": false,
                    "type": "string",
                    "value": "vpc-0dec4ae3b75c8812c"
                }
            },
            "resources": {
                "aws_db_instance.project": {
                    "type": "aws_db_instance",
                    "depends_on": [
                        "aws_db_subnet_group.private"
                    ],
                    "primary": {
                        "id": "terraform-20190428120106099000000001",
                        "attributes": {
                            "address": "terraform-20190428120106099000000001.cbolb6hmexmz.eu-west-2.rds.amazonaws.com",
                            "allocated_storage": "20",
                            "arn": "arn:aws:rds:eu-west-2:582259378644:db:terraform-20190428120106099000000001",
                            "auto_minor_version_upgrade": "true",
                            "availability_zone": "eu-west-2c",
                            "backup_retention_period": "0",
                            "backup_window": "23:17-23:47",
                            "ca_cert_identifier": "rds-ca-2015",
                            "copy_tags_to_snapshot": "false",
                            "db_subnet_group_name": "pressbutton-dev-private-subnets",
                            "deletion_protection": "false",
                            "domain": "",
                            "domain_iam_role_name": "",
                            "enabled_cloudwatch_logs_exports.#": "0",
                            "endpoint": "terraform-20190428120106099000000001.cbolb6hmexmz.eu-west-2.rds.amazonaws.com:5432",
                            "engine": "postgres",
                            "engine_version": "11.2",
                            "hosted_zone_id": "Z1TTGA775OQIYO",
                            "iam_database_authentication_enabled": "false",
                            "id": "terraform-20190428120106099000000001",
                            "identifier": "terraform-20190428120106099000000001",
                            "instance_class": "db.t2.micro",
                            "iops": "0",
                            "kms_key_id": "",
                            "license_model": "postgresql-license",
                            "maintenance_window": "wed:23:50-thu:00:20",
                            "monitoring_interval": "0",
                            "multi_az": "false",
                            "name": "pressbuttondev",
                            "option_group_name": "default:postgres-11",
                            "parameter_group_name": "default.postgres11",
                            "password": "ow!88HAf#!L)?)r4xZ-kKdpbQzuuBy",
                            "port": "5432",
                            "publicly_accessible": "false",
                            "replicas.#": "0",
                            "replicate_source_db": "",
                            "resource_id": "db-ZFZ36NZX5T6KLPO6GYYARM3VCE",
                            "security_group_names.#": "0",
                            "skip_final_snapshot": "false",
                            "status": "available",
                            "storage_encrypted": "false",
                            "storage_type": "gp2",
                            "tags.%": "3",
                            "tags.Environment": "dev",
                            "tags.Name": "pressbutton-dev-rds",
                            "tags.Project": "pressbutton",
                            "timezone": "",
                            "username": "root",
                            "vpc_security_group_ids.#": "1",
                            "vpc_security_group_ids.2355936934": "sg-084e18d0bec5e7292"
                        },
                        "meta": {
                            "e2bfb730-ecaa-11e6-8f88-34363bc7c4c0": {
                                "create": 2400000000000,
                                "delete": 2400000000000,
                                "update": 4800000000000
                            }
                        },
                        "tainted": false
                    },
                    "deposed": [],
                    "provider": "provider.aws"
                },
                "aws_db_subnet_group.private": {
                    "type": "aws_db_subnet_group",
                    "depends_on": [
                        "aws_subnet.private.*"
                    ],
                    "primary": {
                        "id": "pressbutton-dev-private-subnets",
                        "attributes": {
                            "arn": "arn:aws:rds:eu-west-2:582259378644:subgrp:pressbutton-dev-private-subnets",
                            "description": "Managed by Terraform",
                            "id": "pressbutton-dev-private-subnets",
                            "name": "pressbutton-dev-private-subnets",
                            "subnet_ids.#": "3",
                            "subnet_ids.2076687714": "subnet-0b1f1624629555711",
                            "subnet_ids.21123213": "subnet-025c7da77736e2705",
                            "subnet_ids.2646001058": "subnet-0d07943a3ca5f3715",
                            "tags.%": "3",
                            "tags.Environment": "dev",
                            "tags.Name": "pressbutton-private-subnets",
                            "tags.Project": "pressbutton"
                        },
                        "meta": {},
                        "tainted": false
                    },
                    "deposed": [],
                    "provider": "provider.aws"
                },
                "aws_eip.nat_eip": {
                    "type": "aws_eip",
                    "depends_on": [],
                    "primary": {
                        "id": "eipalloc-0c8de37d6f608bee5",
                        "attributes": {
                            "association_id": "eipassoc-cd2ee800",
                            "domain": "vpc",
                            "id": "eipalloc-0c8de37d6f608bee5",
                            "instance": "",
                            "network_interface": "eni-070b6754a0eb2fbd2",
                            "private_dns": "ip-10-0-128-7.eu-west-2.compute.internal",
                            "private_ip": "10.0.128.7",
                            "public_dns": "ec2-18-130-36-94.eu-west-2.compute.amazonaws.com",
                            "public_ip": "18.130.36.94",
                            "public_ipv4_pool": "amazon",
                            "tags.%": "3",
                            "tags.Environment": "dev",
                            "tags.Name": "pressbutton-nat-eip",
                            "tags.Project": "pressbutton",
                            "vpc": "true"
                        },
                        "meta": {
                            "e2bfb730-ecaa-11e6-8f88-34363bc7c4c0": {
                                "delete": 180000000000,
                                "read": 900000000000,
                                "update": 300000000000
                            }
                        },
                        "tainted": false
                    },
                    "deposed": [],
                    "provider": "provider.aws"
                },
                "aws_internet_gateway.public": {
                    "type": "aws_internet_gateway",
                    "depends_on": [
                        "aws_vpc.project"
                    ],
                    "primary": {
                        "id": "igw-0c91cdd43ace6cb22",
                        "attributes": {
                            "id": "igw-0c91cdd43ace6cb22",
                            "owner_id": "582259378644",
                            "tags.%": "3",
                            "tags.Environment": "dev",
                            "tags.Name": "pressbutton-public-internet-gateway",
                            "tags.Project": "pressbutton",
                            "vpc_id": "vpc-0dec4ae3b75c8812c"
                        },
                        "meta": {},
                        "tainted": false
                    },
                    "deposed": [],
                    "provider": "provider.aws"
                },
                "aws_nat_gateway.private": {
                    "type": "aws_nat_gateway",
                    "depends_on": [
                        "aws_eip.nat_eip",
                        "aws_subnet.private"
                    ],
                    "primary": {
                        "id": "nat-0544a05a3b3668fea",
                        "attributes": {
                            "allocation_id": "eipalloc-0c8de37d6f608bee5",
                            "id": "nat-0544a05a3b3668fea",
                            "network_interface_id": "eni-070b6754a0eb2fbd2",
                            "private_ip": "10.0.128.7",
                            "public_ip": "18.130.36.94",
                            "subnet_id": "subnet-0d07943a3ca5f3715",
                            "tags.%": "3",
                            "tags.Environment": "dev",
                            "tags.Name": "pressbutton-private-nat-gateway",
                            "tags.Project": "pressbutton"
                        },
                        "meta": {},
                        "tainted": false
                    },
                    "deposed": [],
                    "provider": "provider.aws"
                },
                "aws_route.nat_gateway": {
                    "type": "aws_route",
                    "depends_on": [
                        "aws_nat_gateway.private",
                        "aws_route_table.private"
                    ],
                    "primary": {
                        "id": "r-rtb-03748faac9e117fbd1080289494",
                        "attributes": {
                            "destination_cidr_block": "0.0.0.0/0",
                            "destination_prefix_list_id": "",
                            "egress_only_gateway_id": "",
                            "gateway_id": "",
                            "id": "r-rtb-03748faac9e117fbd1080289494",
                            "instance_id": "",
                            "instance_owner_id": "",
                            "nat_gateway_id": "nat-0544a05a3b3668fea",
                            "network_interface_id": "",
                            "origin": "CreateRoute",
                            "route_table_id": "rtb-03748faac9e117fbd",
                            "state": "active",
                            "transit_gateway_id": "",
                            "vpc_peering_connection_id": ""
                        },
                        "meta": {
                            "e2bfb730-ecaa-11e6-8f88-34363bc7c4c0": {
                                "create": 120000000000,
                                "delete": 300000000000
                            }
                        },
                        "tainted": false
                    },
                    "deposed": [],
                    "provider": "provider.aws"
                },
                "aws_route.public_internet_gateway": {
                    "type": "aws_route",
                    "depends_on": [
                        "aws_internet_gateway.public",
                        "aws_route_table.public"
                    ],
                    "primary": {
                        "id": "r-rtb-093bfb2baa933736b1080289494",
                        "attributes": {
                            "destination_cidr_block": "0.0.0.0/0",
                            "destination_prefix_list_id": "",
                            "egress_only_gateway_id": "",
                            "gateway_id": "igw-0c91cdd43ace6cb22",
                            "id": "r-rtb-093bfb2baa933736b1080289494",
                            "instance_id": "",
                            "instance_owner_id": "",
                            "nat_gateway_id": "",
                            "network_interface_id": "",
                            "origin": "CreateRoute",
                            "route_table_id": "rtb-093bfb2baa933736b",
                            "state": "active",
                            "transit_gateway_id": "",
                            "vpc_peering_connection_id": ""
                        },
                        "meta": {
                            "e2bfb730-ecaa-11e6-8f88-34363bc7c4c0": {
                                "create": 120000000000,
                                "delete": 300000000000
                            }
                        },
                        "tainted": false
                    },
                    "deposed": [],
                    "provider": "provider.aws"
                },
                "aws_route_table.private": {
                    "type": "aws_route_table",
                    "depends_on": [
                        "aws_vpc.project"
                    ],
                    "primary": {
                        "id": "rtb-03748faac9e117fbd",
                        "attributes": {
                            "id": "rtb-03748faac9e117fbd",
                            "owner_id": "582259378644",
                            "propagating_vgws.#": "0",
                            "route.#": "1",
                            "route.3349866265.cidr_block": "0.0.0.0/0",
                            "route.3349866265.egress_only_gateway_id": "",
                            "route.3349866265.gateway_id": "",
                            "route.3349866265.instance_id": "",
                            "route.3349866265.ipv6_cidr_block": "",
                            "route.3349866265.nat_gateway_id": "nat-0544a05a3b3668fea",
                            "route.3349866265.network_interface_id": "",
                            "route.3349866265.transit_gateway_id": "",
                            "route.3349866265.vpc_peering_connection_id": "",
                            "tags.%": "3",
                            "tags.Environment": "dev",
                            "tags.Name": "pressbutton-private-route-table",
                            "tags.Project": "pressbutton",
                            "vpc_id": "vpc-0dec4ae3b75c8812c"
                        },
                        "meta": {},
                        "tainted": false
                    },
                    "deposed": [],
                    "provider": "provider.aws"
                },
                "aws_route_table.public": {
                    "type": "aws_route_table",
                    "depends_on": [
                        "aws_vpc.project"
                    ],
                    "primary": {
                        "id": "rtb-093bfb2baa933736b",
                        "attributes": {
                            "id": "rtb-093bfb2baa933736b",
                            "owner_id": "582259378644",
                            "propagating_vgws.#": "0",
                            "route.#": "1",
                            "route.3561942921.cidr_block": "0.0.0.0/0",
                            "route.3561942921.egress_only_gateway_id": "",
                            "route.3561942921.gateway_id": "igw-0c91cdd43ace6cb22",
                            "route.3561942921.instance_id": "",
                            "route.3561942921.ipv6_cidr_block": "",
                            "route.3561942921.nat_gateway_id": "",
                            "route.3561942921.network_interface_id": "",
                            "route.3561942921.transit_gateway_id": "",
                            "route.3561942921.vpc_peering_connection_id": "",
                            "tags.%": "3",
                            "tags.Environment": "dev",
                            "tags.Name": "pressbutton-public-route-table",
                            "tags.Project": "pressbutton",
                            "vpc_id": "vpc-0dec4ae3b75c8812c"
                        },
                        "meta": {},
                        "tainted": false
                    },
                    "deposed": [],
                    "provider": "provider.aws"
                },
                "aws_route_table_association.private.0": {
                    "type": "aws_route_table_association",
                    "depends_on": [
                        "aws_route_table.private",
                        "aws_subnet.private.*"
                    ],
                    "primary": {
                        "id": "rtbassoc-020dac5cb1dc451e5",
                        "attributes": {
                            "id": "rtbassoc-020dac5cb1dc451e5",
                            "route_table_id": "rtb-03748faac9e117fbd",
                            "subnet_id": "subnet-0d07943a3ca5f3715"
                        },
                        "meta": {},
                        "tainted": false
                    },
                    "deposed": [],
                    "provider": "provider.aws"
                },
                "aws_route_table_association.private.1": {
                    "type": "aws_route_table_association",
                    "depends_on": [
                        "aws_route_table.private",
                        "aws_subnet.private.*"
                    ],
                    "primary": {
                        "id": "rtbassoc-0dac67f3f7bd81768",
                        "attributes": {
                            "id": "rtbassoc-0dac67f3f7bd81768",
                            "route_table_id": "rtb-03748faac9e117fbd",
                            "subnet_id": "subnet-0b1f1624629555711"
                        },
                        "meta": {},
                        "tainted": false
                    },
                    "deposed": [],
                    "provider": "provider.aws"
                },
                "aws_route_table_association.private.2": {
                    "type": "aws_route_table_association",
                    "depends_on": [
                        "aws_route_table.private",
                        "aws_subnet.private.*"
                    ],
                    "primary": {
                        "id": "rtbassoc-0fee190fed7c482c5",
                        "attributes": {
                            "id": "rtbassoc-0fee190fed7c482c5",
                            "route_table_id": "rtb-03748faac9e117fbd",
                            "subnet_id": "subnet-025c7da77736e2705"
                        },
                        "meta": {},
                        "tainted": false
                    },
                    "deposed": [],
                    "provider": "provider.aws"
                },
                "aws_route_table_association.public.0": {
                    "type": "aws_route_table_association",
                    "depends_on": [
                        "aws_route_table.public",
                        "aws_subnet.public.*"
                    ],
                    "primary": {
                        "id": "rtbassoc-009291ceeac581bfe",
                        "attributes": {
                            "id": "rtbassoc-009291ceeac581bfe",
                            "route_table_id": "rtb-093bfb2baa933736b",
                            "subnet_id": "subnet-0bdd3a59758215a48"
                        },
                        "meta": {},
                        "tainted": false
                    },
                    "deposed": [],
                    "provider": "provider.aws"
                },
                "aws_route_table_association.public.1": {
                    "type": "aws_route_table_association",
                    "depends_on": [
                        "aws_route_table.public",
                        "aws_subnet.public.*"
                    ],
                    "primary": {
                        "id": "rtbassoc-0ad2b83d1b32f5343",
                        "attributes": {
                            "id": "rtbassoc-0ad2b83d1b32f5343",
                            "route_table_id": "rtb-093bfb2baa933736b",
                            "subnet_id": "subnet-01c14d471078e9f52"
                        },
                        "meta": {},
                        "tainted": false
                    },
                    "deposed": [],
                    "provider": "provider.aws"
                },
                "aws_route_table_association.public.2": {
                    "type": "aws_route_table_association",
                    "depends_on": [
                        "aws_route_table.public",
                        "aws_subnet.public.*"
                    ],
                    "primary": {
                        "id": "rtbassoc-0e36cd40b8f4ecdbc",
                        "attributes": {
                            "id": "rtbassoc-0e36cd40b8f4ecdbc",
                            "route_table_id": "rtb-093bfb2baa933736b",
                            "subnet_id": "subnet-074fe9357ae5bc6f6"
                        },
                        "meta": {},
                        "tainted": false
                    },
                    "deposed": [],
                    "provider": "provider.aws"
                },
                "aws_security_group.lambdas": {
                    "type": "aws_security_group",
                    "depends_on": [
                        "aws_vpc.project"
                    ],
                    "primary": {
                        "id": "sg-06f775711566beede",
                        "attributes": {
                            "arn": "arn:aws:ec2:eu-west-2:582259378644:security-group/sg-06f775711566beede",
                            "description": "Lambda security group",
                            "egress.#": "1",
                            "egress.482069346.cidr_blocks.#": "1",
                            "egress.482069346.cidr_blocks.0": "0.0.0.0/0",
                            "egress.482069346.description": "",
                            "egress.482069346.from_port": "0",
                            "egress.482069346.ipv6_cidr_blocks.#": "0",
                            "egress.482069346.prefix_list_ids.#": "0",
                            "egress.482069346.protocol": "-1",
                            "egress.482069346.security_groups.#": "0",
                            "egress.482069346.self": "false",
                            "egress.482069346.to_port": "0",
                            "id": "sg-06f775711566beede",
                            "ingress.#": "0",
                            "name": "lambdas",
                            "owner_id": "582259378644",
                            "revoke_rules_on_delete": "false",
                            "tags.%": "3",
                            "tags.Environment": "dev",
                            "tags.Name": "pressbutton-lambdas-security-group",
                            "tags.Project": "pressbutton",
                            "vpc_id": "vpc-0dec4ae3b75c8812c"
                        },
                        "meta": {
                            "e2bfb730-ecaa-11e6-8f88-34363bc7c4c0": {
                                "create": 600000000000,
                                "delete": 600000000000
                            },
                            "schema_version": "1"
                        },
                        "tainted": false
                    },
                    "deposed": [],
                    "provider": "provider.aws"
                },
                "aws_security_group.rds": {
                    "type": "aws_security_group",
                    "depends_on": [
                        "aws_security_group.lambdas",
                        "aws_vpc.project"
                    ],
                    "primary": {
                        "id": "sg-0646514936fc6b5f9",
                        "attributes": {
                            "arn": "arn:aws:ec2:eu-west-2:582259378644:security-group/sg-0646514936fc6b5f9",
                            "description": "RDS security group",
                            "egress.#": "1",
                            "egress.482069346.cidr_blocks.#": "1",
                            "egress.482069346.cidr_blocks.0": "0.0.0.0/0",
                            "egress.482069346.description": "",
                            "egress.482069346.from_port": "0",
                            "egress.482069346.ipv6_cidr_blocks.#": "0",
                            "egress.482069346.prefix_list_ids.#": "0",
                            "egress.482069346.protocol": "-1",
                            "egress.482069346.security_groups.#": "0",
                            "egress.482069346.self": "false",
                            "egress.482069346.to_port": "0",
                            "id": "sg-0646514936fc6b5f9",
                            "ingress.#": "1",
                            "ingress.2275456555.cidr_blocks.#": "0",
                            "ingress.2275456555.description": "",
                            "ingress.2275456555.from_port": "5432",
                            "ingress.2275456555.ipv6_cidr_blocks.#": "0",
                            "ingress.2275456555.prefix_list_ids.#": "0",
                            "ingress.2275456555.protocol": "tcp",
                            "ingress.2275456555.security_groups.#": "1",
                            "ingress.2275456555.security_groups.3574456895": "sg-06f775711566beede",
                            "ingress.2275456555.self": "false",
                            "ingress.2275456555.to_port": "5432",
                            "name": "rds",
                            "owner_id": "582259378644",
                            "revoke_rules_on_delete": "false",
                            "tags.%": "3",
                            "tags.Environment": "dev",
                            "tags.Name": "pressbutton-rds-security-group",
                            "tags.Project": "pressbutton",
                            "vpc_id": "vpc-0dec4ae3b75c8812c"
                        },
                        "meta": {
                            "e2bfb730-ecaa-11e6-8f88-34363bc7c4c0": {
                                "create": 600000000000,
                                "delete": 600000000000
                            },
                            "schema_version": "1"
                        },
                        "tainted": false
                    },
                    "deposed": [],
                    "provider": "provider.aws"
                },
                "aws_subnet.private.0": {
                    "type": "aws_subnet",
                    "depends_on": [
                        "aws_vpc.project"
                    ],
                    "primary": {
                        "id": "subnet-0d07943a3ca5f3715",
                        "attributes": {
                            "arn": "arn:aws:ec2:eu-west-2:582259378644:subnet/subnet-0d07943a3ca5f3715",
                            "assign_ipv6_address_on_creation": "false",
                            "availability_zone": "eu-west-2a",
                            "availability_zone_id": "euw2-az2",
                            "cidr_block": "10.0.128.0/24",
                            "id": "subnet-0d07943a3ca5f3715",
                            "ipv6_cidr_block": "",
                            "ipv6_cidr_block_association_id": "",
                            "map_public_ip_on_launch": "false",
                            "owner_id": "582259378644",
                            "tags.%": "3",
                            "tags.Environment": "dev",
                            "tags.Name": "pressbutton-eu-west-2a-private-subnet",
                            "tags.Project": "pressbutton",
                            "vpc_id": "vpc-0dec4ae3b75c8812c"
                        },
                        "meta": {
                            "e2bfb730-ecaa-11e6-8f88-34363bc7c4c0": {
                                "create": 600000000000,
                                "delete": 600000000000
                            },
                            "schema_version": "1"
                        },
                        "tainted": false
                    },
                    "deposed": [],
                    "provider": "provider.aws"
                },
                "aws_subnet.private.1": {
                    "type": "aws_subnet",
                    "depends_on": [
                        "aws_vpc.project"
                    ],
                    "primary": {
                        "id": "subnet-0b1f1624629555711",
                        "attributes": {
                            "arn": "arn:aws:ec2:eu-west-2:582259378644:subnet/subnet-0b1f1624629555711",
                            "assign_ipv6_address_on_creation": "false",
                            "availability_zone": "eu-west-2b",
                            "availability_zone_id": "euw2-az3",
                            "cidr_block": "10.0.129.0/24",
                            "id": "subnet-0b1f1624629555711",
                            "ipv6_cidr_block": "",
                            "ipv6_cidr_block_association_id": "",
                            "map_public_ip_on_launch": "false",
                            "owner_id": "582259378644",
                            "tags.%": "3",
                            "tags.Environment": "dev",
                            "tags.Name": "pressbutton-eu-west-2b-private-subnet",
                            "tags.Project": "pressbutton",
                            "vpc_id": "vpc-0dec4ae3b75c8812c"
                        },
                        "meta": {
                            "e2bfb730-ecaa-11e6-8f88-34363bc7c4c0": {
                                "create": 600000000000,
                                "delete": 600000000000
                            },
                            "schema_version": "1"
                        },
                        "tainted": false
                    },
                    "deposed": [],
                    "provider": "provider.aws"
                },
                "aws_subnet.private.2": {
                    "type": "aws_subnet",
                    "depends_on": [
                        "aws_vpc.project"
                    ],
                    "primary": {
                        "id": "subnet-025c7da77736e2705",
                        "attributes": {
                            "arn": "arn:aws:ec2:eu-west-2:582259378644:subnet/subnet-025c7da77736e2705",
                            "assign_ipv6_address_on_creation": "false",
                            "availability_zone": "eu-west-2c",
                            "availability_zone_id": "euw2-az1",
                            "cidr_block": "10.0.130.0/24",
                            "id": "subnet-025c7da77736e2705",
                            "ipv6_cidr_block": "",
                            "ipv6_cidr_block_association_id": "",
                            "map_public_ip_on_launch": "false",
                            "owner_id": "582259378644",
                            "tags.%": "3",
                            "tags.Environment": "dev",
                            "tags.Name": "pressbutton-eu-west-2c-private-subnet",
                            "tags.Project": "pressbutton",
                            "vpc_id": "vpc-0dec4ae3b75c8812c"
                        },
                        "meta": {
                            "e2bfb730-ecaa-11e6-8f88-34363bc7c4c0": {
                                "create": 600000000000,
                                "delete": 600000000000
                            },
                            "schema_version": "1"
                        },
                        "tainted": false
                    },
                    "deposed": [],
                    "provider": "provider.aws"
                },
                "aws_subnet.public.0": {
                    "type": "aws_subnet",
                    "depends_on": [
                        "aws_vpc.project"
                    ],
                    "primary": {
                        "id": "subnet-0bdd3a59758215a48",
                        "attributes": {
                            "arn": "arn:aws:ec2:eu-west-2:582259378644:subnet/subnet-0bdd3a59758215a48",
                            "assign_ipv6_address_on_creation": "false",
                            "availability_zone": "eu-west-2a",
                            "availability_zone_id": "euw2-az2",
                            "cidr_block": "10.0.0.0/24",
                            "id": "subnet-0bdd3a59758215a48",
                            "ipv6_cidr_block": "",
                            "ipv6_cidr_block_association_id": "",
                            "map_public_ip_on_launch": "false",
                            "owner_id": "582259378644",
                            "tags.%": "3",
                            "tags.Environment": "dev",
                            "tags.Name": "pressbutton-eu-west-2a-public-subnet",
                            "tags.Project": "pressbutton",
                            "vpc_id": "vpc-0dec4ae3b75c8812c"
                        },
                        "meta": {
                            "e2bfb730-ecaa-11e6-8f88-34363bc7c4c0": {
                                "create": 600000000000,
                                "delete": 600000000000
                            },
                            "schema_version": "1"
                        },
                        "tainted": false
                    },
                    "deposed": [],
                    "provider": "provider.aws"
                },
                "aws_subnet.public.1": {
                    "type": "aws_subnet",
                    "depends_on": [
                        "aws_vpc.project"
                    ],
                    "primary": {
                        "id": "subnet-01c14d471078e9f52",
                        "attributes": {
                            "arn": "arn:aws:ec2:eu-west-2:582259378644:subnet/subnet-01c14d471078e9f52",
                            "assign_ipv6_address_on_creation": "false",
                            "availability_zone": "eu-west-2b",
                            "availability_zone_id": "euw2-az3",
                            "cidr_block": "10.0.1.0/24",
                            "id": "subnet-01c14d471078e9f52",
                            "ipv6_cidr_block": "",
                            "ipv6_cidr_block_association_id": "",
                            "map_public_ip_on_launch": "false",
                            "owner_id": "582259378644",
                            "tags.%": "3",
                            "tags.Environment": "dev",
                            "tags.Name": "pressbutton-eu-west-2b-public-subnet",
                            "tags.Project": "pressbutton",
                            "vpc_id": "vpc-0dec4ae3b75c8812c"
                        },
                        "meta": {
                            "e2bfb730-ecaa-11e6-8f88-34363bc7c4c0": {
                                "create": 600000000000,
                                "delete": 600000000000
                            },
                            "schema_version": "1"
                        },
                        "tainted": false
                    },
                    "deposed": [],
                    "provider": "provider.aws"
                },
                "aws_subnet.public.2": {
                    "type": "aws_subnet",
                    "depends_on": [
                        "aws_vpc.project"
                    ],
                    "primary": {
                        "id": "subnet-074fe9357ae5bc6f6",
                        "attributes": {
                            "arn": "arn:aws:ec2:eu-west-2:582259378644:subnet/subnet-074fe9357ae5bc6f6",
                            "assign_ipv6_address_on_creation": "false",
                            "availability_zone": "eu-west-2c",
                            "availability_zone_id": "euw2-az1",
                            "cidr_block": "10.0.2.0/24",
                            "id": "subnet-074fe9357ae5bc6f6",
                            "ipv6_cidr_block": "",
                            "ipv6_cidr_block_association_id": "",
                            "map_public_ip_on_launch": "false",
                            "owner_id": "582259378644",
                            "tags.%": "3",
                            "tags.Environment": "dev",
                            "tags.Name": "pressbutton-eu-west-2c-public-subnet",
                            "tags.Project": "pressbutton",
                            "vpc_id": "vpc-0dec4ae3b75c8812c"
                        },
                        "meta": {
                            "e2bfb730-ecaa-11e6-8f88-34363bc7c4c0": {
                                "create": 600000000000,
                                "delete": 600000000000
                            },
                            "schema_version": "1"
                        },
                        "tainted": false
                    },
                    "deposed": [],
                    "provider": "provider.aws"
                },
                "aws_vpc.project": {
                    "type": "aws_vpc",
                    "depends_on": [],
                    "primary": {
                        "id": "vpc-0dec4ae3b75c8812c",
                        "attributes": {
                            "arn": "arn:aws:ec2:eu-west-2:582259378644:vpc/vpc-0dec4ae3b75c8812c",
                            "assign_generated_ipv6_cidr_block": "false",
                            "cidr_block": "10.0.0.0/16",
                            "default_network_acl_id": "acl-0dac842c06f8fc931",
                            "default_route_table_id": "rtb-08157596402246351",
                            "default_security_group_id": "sg-084e18d0bec5e7292",
                            "dhcp_options_id": "dopt-10691a78",
                            "enable_dns_hostnames": "true",
                            "enable_dns_support": "true",
                            "id": "vpc-0dec4ae3b75c8812c",
                            "instance_tenancy": "default",
                            "ipv6_association_id": "",
                            "ipv6_cidr_block": "",
                            "main_route_table_id": "rtb-08157596402246351",
                            "owner_id": "582259378644",
                            "tags.%": "3",
                            "tags.Environment": "dev",
                            "tags.Name": "pressbutton-vpc",
                            "tags.Project": "pressbutton"
                        },
                        "meta": {
                            "schema_version": "1"
                        },
                        "tainted": false
                    },
                    "deposed": [],
                    "provider": "provider.aws"
                }
            },
            "depends_on": []
        }
    ]
}
